
Microsoft Visual Studio Solution File, Format Version 12.00
# Visual Studio Version 17
VisualStudioVersion = 17.14.36301.6 d17.14
MinimumVisualStudioVersion = 10.0.40219.1
Project("{FAE04EC0-301F-11D3-BF4B-00C04F79EFBC}") = "DEPI", "DEPI.csproj", "{B566C207-0590-49B2-9552-4DE0529DF618}"
EndProject
Global
	GlobalSection(SolutionConfigurationPlatforms) = preSolution
		Debug|Any CPU = Debug|Any CPU
		Release|Any CPU = Release|Any CPU
	EndGlobalSection
	GlobalSection(ProjectConfigurationPlatforms) = postSolution
		{B566C207-0590-49B2-9552-4DE0529DF618}.Debug|Any CPU.ActiveCfg = Debug|Any CPU
		{B566C207-0590-49B2-9552-4DE0529DF618}.Debug|Any CPU.Build.0 = Debug|Any CPU
		{B566C207-0590-49B2-9552-4DE0529DF618}.Release|Any CPU.ActiveCfg = Release|Any CPU
		{B566C207-0590-49B2-9552-4DE0529DF618}.Release|Any CPU.Build.0 = Release|Any CPU
	EndGlobalSection
	GlobalSection(SolutionProperties) = preSolution
		HideSolutionNode = FALSE
	EndGlobalSection
	GlobalSection(ExtensibilityGlobals) = postSolution
		SolutionGuid = {E7117426-0512-4E6C-BCB5-67176C900418}
	EndGlobalSection
EndGlobal
